
Microsoft Visual Studio Solution File, Format Version 12.00
# Visual Studio Version 16
VisualStudioVersion = 16.0.29721.120
MinimumVisualStudioVersion = 10.0.40219.1
Project("{FAE04EC0-301F-11D3-BF4B-00C04F79EFBC}") = "EmailParserWPF", "EmailParserWPF.csproj", "{664AB1B2-6C93-4D99-8FA9-832F5861E5BC}"
EndProject
Global
	GlobalSection(SolutionConfigurationPlatforms) = preSolution
		Debug|Any CPU = Debug|Any CPU
		Release|Any CPU = Release|Any CPU
	EndGlobalSection
	GlobalSection(ProjectConfigurationPlatforms) = postSolution
		{664AB1B2-6C93-4D99-8FA9-832F5861E5BC}.Debug|Any CPU.ActiveCfg = Debug|Any CPU
		{664AB1B2-6C93-4D99-8FA9-832F5861E5BC}.Debug|Any CPU.Build.0 = Debug|Any CPU
		{664AB1B2-6C93-4D99-8FA9-832F5861E5BC}.Release|Any CPU.ActiveCfg = Release|Any CPU
		{664AB1B2-6C93-4D99-8FA9-832F5861E5BC}.Release|Any CPU.Build.0 = Release|Any CPU
	EndGlobalSection
	GlobalSection(SolutionProperties) = preSolution
		HideSolutionNode = FALSE
	EndGlobalSection
	GlobalSection(ExtensibilityGlobals) = postSolution
		SolutionGuid = {B8D3CE2F-B62B-4A25-A891-29B654B7B558}
	EndGlobalSection
EndGlobal
